
Microsoft Visual Studio Solution File, Format Version 12.00
# Visual Studio 15
VisualStudioVersion = 15.0.28010.2048
MinimumVisualStudioVersion = 10.0.40219.1
Project("{FAE04EC0-301F-11D3-BF4B-00C04F79EFBC}") = "TestGit", "TestGit\TestGit.csproj", "{7E0C6E4D-BF41-4F30-BC86-1FFE57DB3807}"
EndProject
Global
	GlobalSection(SolutionConfigurationPlatforms) = preSolution
		Debug|Any CPU = Debug|Any CPU
		Release|Any CPU = Release|Any CPU
	EndGlobalSection
	GlobalSection(ProjectConfigurationPlatforms) = postSolution
		{7E0C6E4D-BF41-4F30-BC86-1FFE57DB3807}.Debug|Any CPU.ActiveCfg = Debug|Any CPU
		{7E0C6E4D-BF41-4F30-BC86-1FFE57DB3807}.Debug|Any CPU.Build.0 = Debug|Any CPU
		{7E0C6E4D-BF41-4F30-BC86-1FFE57DB3807}.Release|Any CPU.ActiveCfg = Release|Any CPU
		{7E0C6E4D-BF41-4F30-BC86-1FFE57DB3807}.Release|Any CPU.Build.0 = Release|Any CPU
	EndGlobalSection
	GlobalSection(SolutionProperties) = preSolution
		HideSolutionNode = FALSE
	EndGlobalSection
	GlobalSection(ExtensibilityGlobals) = postSolution
		SolutionGuid = {AA5D2043-B71E-4541-96F2-1E5971B1D106}
	EndGlobalSection
EndGlobal
